
Microsoft Visual Studio Solution File, Format Version 12.00
# Visual Studio Version 17
VisualStudioVersion = 17.4.33103.184
MinimumVisualStudioVersion = 10.0.40219.1
Project("{FAE04EC0-301F-11D3-BF4B-00C04F79EFBC}") = "Api_Inventario", "Api_Inventario\Api_Inventario.csproj", "{350C71AF-BB50-4661-A55E-4BA4CBE7BF98}"
EndProject
Global
	GlobalSection(SolutionConfigurationPlatforms) = preSolution
		Debug|Any CPU = Debug|Any CPU
		Release|Any CPU = Release|Any CPU
	EndGlobalSection
	GlobalSection(ProjectConfigurationPlatforms) = postSolution
		{350C71AF-BB50-4661-A55E-4BA4CBE7BF98}.Debug|Any CPU.ActiveCfg = Debug|Any CPU
		{350C71AF-BB50-4661-A55E-4BA4CBE7BF98}.Debug|Any CPU.Build.0 = Debug|Any CPU
		{350C71AF-BB50-4661-A55E-4BA4CBE7BF98}.Release|Any CPU.ActiveCfg = Release|Any CPU
		{350C71AF-BB50-4661-A55E-4BA4CBE7BF98}.Release|Any CPU.Build.0 = Release|Any CPU
	EndGlobalSection
	GlobalSection(SolutionProperties) = preSolution
		HideSolutionNode = FALSE
	EndGlobalSection
	GlobalSection(ExtensibilityGlobals) = postSolution
		SolutionGuid = {F7265B95-8E4F-4F26-9D9E-AC5FFCD27728}
	EndGlobalSection
EndGlobal
